
Microsoft Visual Studio Solution File, Format Version 12.00
# Visual Studio Version 16
VisualStudioVersion = 16.0.31005.135
MinimumVisualStudioVersion = 10.0.40219.1
Project("{9A19103F-16F7-4668-BE54-9A1E7A4F7556}") = "CarRental.Core", "CarRental.Core\CarRental.Core.csproj", "{BF261102-3A60-4257-AAB4-8F504742CBB1}"
EndProject
Project("{9A19103F-16F7-4668-BE54-9A1E7A4F7556}") = "CarRental.Business", "CarRental.Business\CarRental.Business.csproj", "{62B8A324-C5DA-4318-9697-6EAE415F870E}"
EndProject
Project("{9A19103F-16F7-4668-BE54-9A1E7A4F7556}") = "CarRental.Entities", "CarRental.Entities\CarRental.Entities.csproj", "{39D29CEC-C9AE-4906-8FEF-73490FF2C65D}"
EndProject
Project("{9A19103F-16F7-4668-BE54-9A1E7A4F7556}") = "CarRental.DataAccess", "CarRental.DataAccess\CarRental.DataAccess.csproj", "{5B1F036F-B6FF-4E7D-B1E1-514DEAD0B9C5}"
EndProject
Project("{9A19103F-16F7-4668-BE54-9A1E7A4F7556}") = "CarRental.API", "CarRental.API\CarRental.API.csproj", "{1A8BE573-6747-49AD-9143-410E9C628952}"
EndProject
Global
	GlobalSection(SolutionConfigurationPlatforms) = preSolution
		Debug|Any CPU = Debug|Any CPU
		Debug|ARM = Debug|ARM
		Debug|ARM64 = Debug|ARM64
		Debug|x64 = Debug|x64
		Debug|x86 = Debug|x86
		Release|Any CPU = Release|Any CPU
		Release|ARM = Release|ARM
		Release|ARM64 = Release|ARM64
		Release|x64 = Release|x64
		Release|x86 = Release|x86
	EndGlobalSection
	GlobalSection(ProjectConfigurationPlatforms) = postSolution
		{BF261102-3A60-4257-AAB4-8F504742CBB1}.Debug|Any CPU.ActiveCfg = Debug|Any CPU
		{BF261102-3A60-4257-AAB4-8F504742CBB1}.Debug|Any CPU.Build.0 = Debug|Any CPU
		{BF261102-3A60-4257-AAB4-8F504742CBB1}.Debug|ARM.ActiveCfg = Debug|Any CPU
		{BF261102-3A60-4257-AAB4-8F504742CBB1}.Debug|ARM.Build.0 = Debug|Any CPU
		{BF261102-3A60-4257-AAB4-8F504742CBB1}.Debug|ARM64.ActiveCfg = Debug|Any CPU
		{BF261102-3A60-4257-AAB4-8F504742CBB1}.Debug|ARM64.Build.0 = Debug|Any CPU
		{BF261102-3A60-4257-AAB4-8F504742CBB1}.Debug|x64.ActiveCfg = Debug|Any CPU
		{BF261102-3A60-4257-AAB4-8F504742CBB1}.Debug|x64.Build.0 = Debug|Any CPU
		{BF261102-3A60-4257-AAB4-8F504742CBB1}.Debug|x86.ActiveCfg = Debug|Any CPU
		{BF261102-3A60-4257-AAB4-8F504742CBB1}.Debug|x86.Build.0 = Debug|Any CPU
		{BF261102-3A60-4257-AAB4-8F504742CBB1}.Release|Any CPU.ActiveCfg = Release|Any CPU
		{BF261102-3A60-4257-AAB4-8F504742CBB1}.Release|Any CPU.Build.0 = Release|Any CPU
		{BF261102-3A60-4257-AAB4-8F504742CBB1}.Release|ARM.ActiveCfg = Release|Any CPU
		{BF261102-3A60-4257-AAB4-8F504742CBB1}.Release|ARM.Build.0 = Release|Any CPU
		{BF261102-3A60-4257-AAB4-8F504742CBB1}.Release|ARM64.ActiveCfg = Release|Any CPU
		{BF261102-3A60-4257-AAB4-8F504742CBB1}.Release|ARM64.Build.0 = Release|Any CPU
		{BF261102-3A60-4257-AAB4-8F504742CBB1}.Release|x64.ActiveCfg = Release|Any CPU
		{BF261102-3A60-4257-AAB4-8F504742CBB1}.Release|x64.Build.0 = Release|Any CPU
		{BF261102-3A60-4257-AAB4-8F504742CBB1}.Release|x86.ActiveCfg = Release|Any CPU
		{BF261102-3A60-4257-AAB4-8F504742CBB1}.Release|x86.Build.0 = Release|Any CPU
		{62B8A324-C5DA-4318-9697-6EAE415F870E}.Debug|Any CPU.ActiveCfg = Debug|Any CPU
		{62B8A324-C5DA-4318-9697-6EAE415F870E}.Debug|Any CPU.Build.0 = Debug|Any CPU
		{62B8A324-C5DA-4318-9697-6EAE415F870E}.Debug|ARM.ActiveCfg = Debug|Any CPU
		{62B8A324-C5DA-4318-9697-6EAE415F870E}.Debug|ARM.Build.0 = Debug|Any CPU
		{62B8A324-C5DA-4318-9697-6EAE415F870E}.Debug|ARM64.ActiveCfg = Debug|Any CPU
		{62B8A324-C5DA-4318-9697-6EAE415F870E}.Debug|ARM64.Build.0 = Debug|Any CPU
		{62B8A324-C5DA-4318-9697-6EAE415F870E}.Debug|x64.ActiveCfg = Debug|Any CPU
		{62B8A324-C5DA-4318-9697-6EAE415F870E}.Debug|x64.Build.0 = Debug|Any CPU
		{62B8A324-C5DA-4318-9697-6EAE415F870E}.Debug|x86.ActiveCfg = Debug|Any CPU
		{62B8A324-C5DA-4318-9697-6EAE415F870E}.Debug|x86.Build.0 = Debug|Any CPU
		{62B8A324-C5DA-4318-9697-6EAE415F870E}.Release|Any CPU.ActiveCfg = Release|Any CPU
		{62B8A324-C5DA-4318-9697-6EAE415F870E}.Release|Any CPU.Build.0 = Release|Any CPU
		{62B8A324-C5DA-4318-9697-6EAE415F870E}.Release|ARM.ActiveCfg = Release|Any CPU
		{62B8A324-C5DA-4318-9697-6EAE415F870E}.Release|ARM.Build.0 = Release|Any CPU
		{62B8A324-C5DA-4318-9697-6EAE415F870E}.Release|ARM64.ActiveCfg = Release|Any CPU
		{62B8A324-C5DA-4318-9697-6EAE415F870E}.Release|ARM64.Build.0 = Release|Any CPU
		{62B8A324-C5DA-4318-9697-6EAE415F870E}.Release|x64.ActiveCfg = Release|Any CPU
		{62B8A324-C5DA-4318-9697-6EAE415F870E}.Release|x64.Build.0 = Release|Any CPU
		{62B8A324-C5DA-4318-9697-6EAE415F870E}.Release|x86.ActiveCfg = Release|Any CPU
		{62B8A324-C5DA-4318-9697-6EAE415F870E}.Release|x86.Build.0 = Release|Any CPU
		{39D29CEC-C9AE-4906-8FEF-73490FF2C65D}.Debug|Any CPU.ActiveCfg = Debug|Any CPU
		{39D29CEC-C9AE-4906-8FEF-73490FF2C65D}.Debug|Any CPU.Build.0 = Debug|Any CPU
		{39D29CEC-C9AE-4906-8FEF-73490FF2C65D}.Debug|ARM.ActiveCfg = Debug|Any CPU
		{39D29CEC-C9AE-4906-8FEF-73490FF2C65D}.Debug|ARM.Build.0 = Debug|Any CPU
		{39D29CEC-C9AE-4906-8FEF-73490FF2C65D}.Debug|ARM64.ActiveCfg = Debug|Any CPU
		{39D29CEC-C9AE-4906-8FEF-73490FF2C65D}.Debug|ARM64.Build.0 = Debug|Any CPU
		{39D29CEC-C9AE-4906-8FEF-73490FF2C65D}.Debug|x64.ActiveCfg = Debug|Any CPU
		{39D29CEC-C9AE-4906-8FEF-73490FF2C65D}.Debug|x64.Build.0 = Debug|Any CPU
		{39D29CEC-C9AE-4906-8FEF-73490FF2C65D}.Debug|x86.ActiveCfg = Debug|Any CPU
		{39D29CEC-C9AE-4906-8FEF-73490FF2C65D}.Debug|x86.Build.0 = Debug|Any CPU
		{39D29CEC-C9AE-4906-8FEF-73490FF2C65D}.Release|Any CPU.ActiveCfg = Release|Any CPU
		{39D29CEC-C9AE-4906-8FEF-73490FF2C65D}.Release|Any CPU.Build.0 = Release|Any CPU
		{39D29CEC-C9AE-4906-8FEF-73490FF2C65D}.Release|ARM.ActiveCfg = Release|Any CPU
		{39D29CEC-C9AE-4906-8FEF-73490FF2C65D}.Release|ARM.Build.0 = Release|Any CPU
		{39D29CEC-C9AE-4906-8FEF-73490FF2C65D}.Release|ARM64.ActiveCfg = Release|Any CPU
		{39D29CEC-C9AE-4906-8FEF-73490FF2C65D}.Release|ARM64.Build.0 = Release|Any CPU
		{39D29CEC-C9AE-4906-8FEF-73490FF2C65D}.Release|x64.ActiveCfg = Release|Any CPU
		{39D29CEC-C9AE-4906-8FEF-73490FF2C65D}.Release|x64.Build.0 = Release|Any CPU
		{39D29CEC-C9AE-4906-8FEF-73490FF2C65D}.Release|x86.ActiveCfg = Release|Any CPU
		{39D29CEC-C9AE-4906-8FEF-73490FF2C65D}.Release|x86.Build.0 = Release|Any CPU
		{5B1F036F-B6FF-4E7D-B1E1-514DEAD0B9C5}.Debug|Any CPU.ActiveCfg = Debug|Any CPU
		{5B1F036F-B6FF-4E7D-B1E1-514DEAD0B9C5}.Debug|Any CPU.Build.0 = Debug|Any CPU
		{5B1F036F-B6FF-4E7D-B1E1-514DEAD0B9C5}.Debug|ARM.ActiveCfg = Debug|Any CPU
		{5B1F036F-B6FF-4E7D-B1E1-514DEAD0B9C5}.Debug|ARM.Build.0 = Debug|Any CPU
		{5B1F036F-B6FF-4E7D-B1E1-514DEAD0B9C5}.Debug|ARM64.ActiveCfg = Debug|Any CPU
		{5B1F036F-B6FF-4E7D-B1E1-514DEAD0B9C5}.Debug|ARM64.Build.0 = Debug|Any CPU
		{5B1F036F-B6FF-4E7D-B1E1-514DEAD0B9C5}.Debug|x64.ActiveCfg = Debug|Any CPU
		{5B1F036F-B6FF-4E7D-B1E1-514DEAD0B9C5}.Debug|x64.Build.0 = Debug|Any CPU
		{5B1F036F-B6FF-4E7D-B1E1-514DEAD0B9C5}.Debug|x86.ActiveCfg = Debug|Any CPU
		{5B1F036F-B6FF-4E7D-B1E1-514DEAD0B9C5}.Debug|x86.Build.0 = Debug|Any CPU
		{5B1F036F-B6FF-4E7D-B1E1-514DEAD0B9C5}.Release|Any CPU.ActiveCfg = Release|Any CPU
		{5B1F036F-B6FF-4E7D-B1E1-514DEAD0B9C5}.Release|Any CPU.Build.0 = Release|Any CPU
		{5B1F036F-B6FF-4E7D-B1E1-514DEAD0B9C5}.Release|ARM.ActiveCfg = Release|Any CPU
		{5B1F036F-B6FF-4E7D-B1E1-514DEAD0B9C5}.Release|ARM.Build.0 = Release|Any CPU
		{5B1F036F-B6FF-4E7D-B1E1-514DEAD0B9C5}.Release|ARM64.ActiveCfg = Release|Any CPU
		{5B1F036F-B6FF-4E7D-B1E1-514DEAD0B9C5}.Release|ARM64.Build.0 = Release|Any CPU
		{5B1F036F-B6FF-4E7D-B1E1-514DEAD0B9C5}.Release|x64.ActiveCfg = Release|Any CPU
		{5B1F036F-B6FF-4E7D-B1E1-514DEAD0B9C5}.Release|x64.Build.0 = Release|Any CPU
		{5B1F036F-B6FF-4E7D-B1E1-514DEAD0B9C5}.Release|x86.ActiveCfg = Release|Any CPU
		{5B1F036F-B6FF-4E7D-B1E1-514DEAD0B9C5}.Release|x86.Build.0 = Release|Any CPU
		{1A8BE573-6747-49AD-9143-410E9C628952}.Debug|Any CPU.ActiveCfg = Debug|Any CPU
		{1A8BE573-6747-49AD-9143-410E9C628952}.Debug|Any CPU.Build.0 = Debug|Any CPU
		{1A8BE573-6747-49AD-9143-410E9C628952}.Debug|ARM.ActiveCfg = Debug|Any CPU
		{1A8BE573-6747-49AD-9143-410E9C628952}.Debug|ARM.Build.0 = Debug|Any CPU
		{1A8BE573-6747-49AD-9143-410E9C628952}.Debug|ARM64.ActiveCfg = Debug|Any CPU
		{1A8BE573-6747-49AD-9143-410E9C628952}.Debug|ARM64.Build.0 = Debug|Any CPU
		{1A8BE573-6747-49AD-9143-410E9C628952}.Debug|x64.ActiveCfg = Debug|Any CPU
		{1A8BE573-6747-49AD-9143-410E9C628952}.Debug|x64.Build.0 = Debug|Any CPU
		{1A8BE573-6747-49AD-9143-410E9C628952}.Debug|x86.ActiveCfg = Debug|Any CPU
		{1A8BE573-6747-49AD-9143-410E9C628952}.Debug|x86.Build.0 = Debug|Any CPU
		{1A8BE573-6747-49AD-9143-410E9C628952}.Release|Any CPU.ActiveCfg = Release|Any CPU
		{1A8BE573-6747-49AD-9143-410E9C628952}.Release|Any CPU.Build.0 = Release|Any CPU
		{1A8BE573-6747-49AD-9143-410E9C628952}.Release|ARM.ActiveCfg = Release|Any CPU
		{1A8BE573-6747-49AD-9143-410E9C628952}.Release|ARM.Build.0 = Release|Any CPU
		{1A8BE573-6747-49AD-9143-410E9C628952}.Release|ARM64.ActiveCfg = Release|Any CPU
		{1A8BE573-6747-49AD-9143-410E9C628952}.Release|ARM64.Build.0 = Release|Any CPU
		{1A8BE573-6747-49AD-9143-410E9C628952}.Release|x64.ActiveCfg = Release|Any CPU
		{1A8BE573-6747-49AD-9143-410E9C628952}.Release|x64.Build.0 = Release|Any CPU
		{1A8BE573-6747-49AD-9143-410E9C628952}.Release|x86.ActiveCfg = Release|Any CPU
		{1A8BE573-6747-49AD-9143-410E9C628952}.Release|x86.Build.0 = Release|Any CPU
	EndGlobalSection
	GlobalSection(SolutionProperties) = preSolution
		HideSolutionNode = FALSE
	EndGlobalSection
	GlobalSection(ExtensibilityGlobals) = postSolution
		SolutionGuid = {9FE7C408-BA47-42EF-9E99-B276734C4B07}
	EndGlobalSection
EndGlobal
